{
  "name": "src",
  "lockfileVersion": 3,
  "requires": true,
  "packages": {
    "": {
      "dependencies": {
        "@floating-ui/vue": "^1.0.4"
      }
    },
    "node_modules/@floating-ui/core": {
      "version": "1.5.3",
      "resolved": "https://registry.npmjs.org/@floating-ui/core/-/core-1.5.3.tgz",
      "integrity": "sha512-O0WKDOo0yhJuugCx6trZQj5jVJ9yR0ystG2JaNAemYUWce+pmM6WUEFIibnWyEJKdrDxhm75NoSRME35FNaM/Q==",
      "dependencies": {
        "@floating-ui/utils": "^0.2.0"
      }
    },
    "node_modules/@floating-ui/dom": {
      "version": "1.5.4",
      "resolved": "https://registry.npmjs.org/@floating-ui/dom/-/dom-1.5.4.tgz",
      "integrity": "sha512-jByEsHIY+eEdCjnTVu+E3ephzTOzkQ8hgUfGwos+bg7NlH33Zc5uO+QHz1mrQUOgIKKDD1RtS201P9NvAfq3XQ==",
      "dependencies": {
        "@floating-ui/core": "^1.5.3",
        "@floating-ui/utils": "^0.2.0"
      }
    },
    "node_modules/@floating-ui/utils": {
      "version": "0.2.1",
      "resolved": "https://registry.npmjs.org/@floating-ui/utils/-/utils-0.2.1.tgz",
      "integrity": "sha512-9TANp6GPoMtYzQdt54kfAyMmz1+osLlXdg2ENroU7zzrtflTLrrC/lgrIfaSe+Wu0b89GKccT7vxXA0MoAIO+Q=="
    },
    "node_modules/@floating-ui/vue": {
      "version": "1.0.4",
      "resolved": "https://registry.npmjs.org/@floating-ui/vue/-/vue-1.0.4.tgz",
      "integrity": "sha512-doHP79KFEmb41MCNR25NS8aGPR/TGBi0qIJgHmz4lIO7Nr0G9OImYnrT00obns1g3VXgG14ogVQoQDtPsfnXUQ==",
      "dependencies": {
        "@floating-ui/dom": "^1.5.4",
        "@floating-ui/utils": "^0.2.1",
        "vue-demi": ">=0.13.0"
      }
    },
    "node_modules/vue": {
      "version": "2.6.14",
      "resolved": "https://registry.npmjs.org/vue/-/vue-2.6.14.tgz",
      "integrity": "sha512-x2284lgYvjOMj3Za7kqzRcUSxBboHqtgRE2zlos1qWaOye5yUmHn42LB1250NJBLRwEcdrB0JRwyPTEPhfQjiQ==",
      "deprecated": "Vue 2 has reached EOL and is no longer actively maintained. See https://v2.vuejs.org/eol/ for more details.",
      "peer": true
    },
    "node_modules/vue-demi": {
      "version": "0.14.6",
      "resolved": "https://registry.npmjs.org/vue-demi/-/vue-demi-0.14.6.tgz",
      "integrity": "sha512-8QA7wrYSHKaYgUxDA5ZC24w+eHm3sYCbp0EzcDwKqN3p6HqtTCGR/GVsPyZW92unff4UlcSh++lmqDWN3ZIq4w==",
      "hasInstallScript": true,
      "bin": {
        "vue-demi-fix": "bin/vue-demi-fix.js",
        "vue-demi-switch": "bin/vue-demi-switch.js"
      },
      "engines": {
        "node": ">=12"
      },
      "funding": {
        "url": "https://github.com/sponsors/antfu"
      },
      "peerDependencies": {
        "@vue/composition-api": "^1.0.0-rc.1",
        "vue": "^3.0.0-0 || ^2.6.0"
      },
      "peerDependenciesMeta": {
        "@vue/composition-api": {
          "optional": true
        }
      }
    }
  }
}
